{
  "nodes": {
    "fenix": {
      "inputs": {
        "nixpkgs": [
          "nixpkgs"
        ],
        "rust-analyzer-src": "rust-analyzer-src"
      },
      "locked": {
        "lastModified": 1662447736,
        "narHash": "sha256-HMnv/9V5JekVlBCdb4k9CzhW3UHJ1fi41bI5Kwi19EE=",
        "owner": "nix-community",
        "repo": "fenix",
        "rev": "1bdc5042356c21bdf8075dd63f291cf77bb77b92",
        "type": "github"
      },
      "original": {
        "owner": "nix-community",
        "repo": "fenix",
        "type": "github"
      }
    },
    "flake-utils": {
      "locked": {
        "lastModified": 1659877975,
        "narHash": "sha256-zllb8aq3YO3h8B/U0/J1WBgAL8EX5yWf5pMj3G0NAmc=",
        "owner": "numtide",
        "repo": "flake-utils",
        "rev": "c0e246b9b83f637f4681389ecabcb2681b4f3af0",
        "type": "github"
      },
      "original": {
        "owner": "numtide",
        "repo": "flake-utils",
        "type": "github"
      }
    },
    "nixpkgs": {
      "locked": {
        "lastModified": 1678359244,
        "narHash": "sha256-7uQFhyy4cOfURK+gIaQKGfPSlyERcD+GZWoRuwcGnq8=",
        "owner": "NixOS",
        "repo": "nixpkgs",
        "rev": "489de63e2d1d388e3315793baffce745e880b96c",
        "type": "github"
      },
      "original": {
        "owner": "NixOS",
        "ref": "release-22.11",
        "repo": "nixpkgs",
        "type": "github"
      }
    },
    "root": {
      "inputs": {
        "fenix": "fenix",
        "flake-utils": "flake-utils",
        "nixpkgs": "nixpkgs"
      }
    },
    "rust-analyzer-src": {
      "flake": false,
      "locked": {
        "lastModified": 1662377094,
        "narHash": "sha256-0bvOQxEe8nzk/VlhHBrUn/Mz3DlE92Us7JqveVjTe0A=",
        "owner": "rust-lang",
        "repo": "rust-analyzer",
        "rev": "6dfd8aebdfa1ee1824446f01daf5bdb229b32f92",
        "type": "github"
      },
      "original": {
        "owner": "rust-lang",
        "ref": "nightly",
        "repo": "rust-analyzer",
        "type": "github"
      }
    }
  },
  "root": "root",
  "version": 7
}
